
Microsoft Visual Studio Solution File, Format Version 12.00
# Visual Studio Version 17
VisualStudioVersion = 17.3.32922.545
MinimumVisualStudioVersion = 10.0.40219.1
Project("{FAE04EC0-301F-11D3-BF4B-00C04F79EFBC}") = "BubbleAPi", "BubbleAPi\BubbleAPi.csproj", "{676DDB3E-F8B2-4675-88D9-6E638965C62A}"
EndProject
Global
	GlobalSection(SolutionConfigurationPlatforms) = preSolution
		Debug|Any CPU = Debug|Any CPU
		Release|Any CPU = Release|Any CPU
	EndGlobalSection
	GlobalSection(ProjectConfigurationPlatforms) = postSolution
		{676DDB3E-F8B2-4675-88D9-6E638965C62A}.Debug|Any CPU.ActiveCfg = Debug|Any CPU
		{676DDB3E-F8B2-4675-88D9-6E638965C62A}.Debug|Any CPU.Build.0 = Debug|Any CPU
		{676DDB3E-F8B2-4675-88D9-6E638965C62A}.Release|Any CPU.ActiveCfg = Release|Any CPU
		{676DDB3E-F8B2-4675-88D9-6E638965C62A}.Release|Any CPU.Build.0 = Release|Any CPU
	EndGlobalSection
	GlobalSection(SolutionProperties) = preSolution
		HideSolutionNode = FALSE
	EndGlobalSection
	GlobalSection(ExtensibilityGlobals) = postSolution
		SolutionGuid = {5FF86689-0FEC-426C-A818-E9C612A2069B}
	EndGlobalSection
EndGlobal
